
Microsoft Visual Studio Solution File, Format Version 12.00
# Visual Studio 15
VisualStudioVersion = 15.0.28307.902
MinimumVisualStudioVersion = 10.0.40219.1
Project("{FAE04EC0-301F-11D3-BF4B-00C04F79EFBC}") = "5Semester", "5Semester\5Semester.csproj", "{27427B16-92E1-449F-9D74-49B27B80EF46}"
EndProject
Global
	GlobalSection(SolutionConfigurationPlatforms) = preSolution
		Debug|Any CPU = Debug|Any CPU
		Release|Any CPU = Release|Any CPU
	EndGlobalSection
	GlobalSection(ProjectConfigurationPlatforms) = postSolution
		{27427B16-92E1-449F-9D74-49B27B80EF46}.Debug|Any CPU.ActiveCfg = Debug|Any CPU
		{27427B16-92E1-449F-9D74-49B27B80EF46}.Debug|Any CPU.Build.0 = Debug|Any CPU
		{27427B16-92E1-449F-9D74-49B27B80EF46}.Release|Any CPU.ActiveCfg = Release|Any CPU
		{27427B16-92E1-449F-9D74-49B27B80EF46}.Release|Any CPU.Build.0 = Release|Any CPU
	EndGlobalSection
	GlobalSection(SolutionProperties) = preSolution
		HideSolutionNode = FALSE
	EndGlobalSection
	GlobalSection(ExtensibilityGlobals) = postSolution
		SolutionGuid = {BFA719CE-569C-4C4E-8960-51C09EEEDFDA}
	EndGlobalSection
EndGlobal
