
Microsoft Visual Studio Solution File, Format Version 12.00
# Visual Studio 15
VisualStudioVersion = 15.0.28010.2016
MinimumVisualStudioVersion = 10.0.40219.1
Project("{FAE04EC0-301F-11D3-BF4B-00C04F79EFBC}") = "TEST1", "TEST1\TEST1.csproj", "{2DE3B46A-5734-482A-969D-8C0F5C746E59}"
EndProject
Global
	GlobalSection(SolutionConfigurationPlatforms) = preSolution
		Debug|Any CPU = Debug|Any CPU
		Release|Any CPU = Release|Any CPU
	EndGlobalSection
	GlobalSection(ProjectConfigurationPlatforms) = postSolution
		{2DE3B46A-5734-482A-969D-8C0F5C746E59}.Debug|Any CPU.ActiveCfg = Debug|Any CPU
		{2DE3B46A-5734-482A-969D-8C0F5C746E59}.Debug|Any CPU.Build.0 = Debug|Any CPU
		{2DE3B46A-5734-482A-969D-8C0F5C746E59}.Release|Any CPU.ActiveCfg = Release|Any CPU
		{2DE3B46A-5734-482A-969D-8C0F5C746E59}.Release|Any CPU.Build.0 = Release|Any CPU
	EndGlobalSection
	GlobalSection(SolutionProperties) = preSolution
		HideSolutionNode = FALSE
	EndGlobalSection
	GlobalSection(ExtensibilityGlobals) = postSolution
		SolutionGuid = {876563C2-CF66-4875-B4E9-91F34F77B6A5}
	EndGlobalSection
EndGlobal
